
Microsoft Visual Studio Solution File, Format Version 12.00
# Visual Studio 15
VisualStudioVersion = 15.0.27309.0
MinimumVisualStudioVersion = 10.0.40219.1
Project("{F184B08F-C81C-45F6-A57F-5ABD9991F28F}") = "Speechtest", "Speechtest\Speechtest.vbproj", "{786B992D-DF15-4C33-B5E6-A24F94165319}"
EndProject
Global
	GlobalSection(SolutionConfigurationPlatforms) = preSolution
		Debug|ARM = Debug|ARM
		Debug|x64 = Debug|x64
		Debug|x86 = Debug|x86
		Release|ARM = Release|ARM
		Release|x64 = Release|x64
		Release|x86 = Release|x86
	EndGlobalSection
	GlobalSection(ProjectConfigurationPlatforms) = postSolution
		{786B992D-DF15-4C33-B5E6-A24F94165319}.Debug|ARM.ActiveCfg = Debug|ARM
		{786B992D-DF15-4C33-B5E6-A24F94165319}.Debug|ARM.Build.0 = Debug|ARM
		{786B992D-DF15-4C33-B5E6-A24F94165319}.Debug|ARM.Deploy.0 = Debug|ARM
		{786B992D-DF15-4C33-B5E6-A24F94165319}.Debug|x64.ActiveCfg = Debug|x64
		{786B992D-DF15-4C33-B5E6-A24F94165319}.Debug|x64.Build.0 = Debug|x64
		{786B992D-DF15-4C33-B5E6-A24F94165319}.Debug|x64.Deploy.0 = Debug|x64
		{786B992D-DF15-4C33-B5E6-A24F94165319}.Debug|x86.ActiveCfg = Debug|x86
		{786B992D-DF15-4C33-B5E6-A24F94165319}.Debug|x86.Build.0 = Debug|x86
		{786B992D-DF15-4C33-B5E6-A24F94165319}.Debug|x86.Deploy.0 = Debug|x86
		{786B992D-DF15-4C33-B5E6-A24F94165319}.Release|ARM.ActiveCfg = Release|ARM
		{786B992D-DF15-4C33-B5E6-A24F94165319}.Release|ARM.Build.0 = Release|ARM
		{786B992D-DF15-4C33-B5E6-A24F94165319}.Release|ARM.Deploy.0 = Release|ARM
		{786B992D-DF15-4C33-B5E6-A24F94165319}.Release|x64.ActiveCfg = Release|x64
		{786B992D-DF15-4C33-B5E6-A24F94165319}.Release|x64.Build.0 = Release|x64
		{786B992D-DF15-4C33-B5E6-A24F94165319}.Release|x64.Deploy.0 = Release|x64
		{786B992D-DF15-4C33-B5E6-A24F94165319}.Release|x86.ActiveCfg = Release|x86
		{786B992D-DF15-4C33-B5E6-A24F94165319}.Release|x86.Build.0 = Release|x86
		{786B992D-DF15-4C33-B5E6-A24F94165319}.Release|x86.Deploy.0 = Release|x86
	EndGlobalSection
	GlobalSection(SolutionProperties) = preSolution
		HideSolutionNode = FALSE
	EndGlobalSection
	GlobalSection(ExtensibilityGlobals) = postSolution
		SolutionGuid = {705BF085-153E-4106-ADEB-BFED10B7A2D2}
	EndGlobalSection
EndGlobal
